// !$*UTF8*$!
{
	archiveVersion = 1;
	classes = {
	};
	objectVersion = 50;
	objects = {

/* Begin PBXBuildFile section */
		48CAFA7524BC425600E1689A /* main.cpp in Sources */ = {isa = PBXBuildFile; fileRef = 48CAFA7424BC425600E1689A /* main.cpp */; };
		48CAFA7D24BCFDD000E1689A /* Appointment.cpp in Sources */ = {isa = PBXBuildFile; fileRef = 48CAFA7C24BCFDD000E1689A /* Appointment.cpp */; };
		48CAFA8024BCFDED00E1689A /* Onetime.cpp in Sources */ = {isa = PBXBuildFile; fileRef = 48CAFA7F24BCFDED00E1689A /* Onetime.cpp */; };
		48CAFA8324BCFDFE00E1689A /* Daily.cpp in Sources */ = {isa = PBXBuildFile; fileRef = 48CAFA8224BCFDFE00E1689A /* Daily.cpp */; };
		48CAFA8624BCFE0D00E1689A /* Weekly.cpp in Sources */ = {isa = PBXBuildFile; fileRef = 48CAFA8524BCFE0D00E1689A /* Weekly.cpp */; };
		48CAFA8924BCFE1F00E1689A /* Monthly.cpp in Sources */ = {isa = PBXBuildFile; fileRef = 48CAFA8824BCFE1F00E1689A /* Monthly.cpp */; };
		48CAFA8C24BD0C1C00E1689A /* Time.cpp in Sources */ = {isa = PBXBuildFile; fileRef = 48CAFA8B24BD0C1C00E1689A /* Time.cpp */; };
		48CAFA8F24BD0C5500E1689A /* Date.cpp in Sources */ = {isa = PBXBuildFile; fileRef = 48CAFA8E24BD0C5500E1689A /* Date.cpp */; };
/* End PBXBuildFile section */

/* Begin PBXCopyFilesBuildPhase section */
		48CAFA6F24BC425600E1689A /* CopyFiles */ = {
			isa = PBXCopyFilesBuildPhase;
			buildActionMask = 2147483647;
			dstPath = /usr/share/man/man1/;
			dstSubfolderSpec = 0;
			files = (
			);
			runOnlyForDeploymentPostprocessing = 1;
		};
/* End PBXCopyFilesBuildPhase section */

/* Begin PBXFileReference section */
		48CAFA7124BC425600E1689A /* CIS40 Final Project */ = {isa = PBXFileReference; explicitFileType = "compiled.mach-o.executable"; includeInIndex = 0; path = "CIS40 Final Project"; sourceTree = BUILT_PRODUCTS_DIR; };
		48CAFA7424BC425600E1689A /* main.cpp */ = {isa = PBXFileReference; lastKnownFileType = sourcecode.cpp.cpp; path = main.cpp; sourceTree = "<group>"; };
		48CAFA7B24BCFDB400E1689A /* Appointment.h */ = {isa = PBXFileReference; lastKnownFileType = sourcecode.c.h; path = Appointment.h; sourceTree = "<group>"; };
		48CAFA7C24BCFDD000E1689A /* Appointment.cpp */ = {isa = PBXFileReference; lastKnownFileType = sourcecode.cpp.cpp; path = Appointment.cpp; sourceTree = "<group>"; };
		48CAFA7E24BCFDE000E1689A /* Onetime.h */ = {isa = PBXFileReference; lastKnownFileType = sourcecode.c.h; path = Onetime.h; sourceTree = "<group>"; };
		48CAFA7F24BCFDED00E1689A /* Onetime.cpp */ = {isa = PBXFileReference; lastKnownFileType = sourcecode.cpp.cpp; path = Onetime.cpp; sourceTree = "<group>"; };
		48CAFA8124BCFDF600E1689A /* Daily.h */ = {isa = PBXFileReference; lastKnownFileType = sourcecode.c.h; path = Daily.h; sourceTree = "<group>"; };
		48CAFA8224BCFDFE00E1689A /* Daily.cpp */ = {isa = PBXFileReference; lastKnownFileType = sourcecode.cpp.cpp; path = Daily.cpp; sourceTree = "<group>"; };
		48CAFA8424BCFE0600E1689A /* Weekly.h */ = {isa = PBXFileReference; lastKnownFileType = sourcecode.c.h; path = Weekly.h; sourceTree = "<group>"; };
		48CAFA8524BCFE0D00E1689A /* Weekly.cpp */ = {isa = PBXFileReference; lastKnownFileType = sourcecode.cpp.cpp; path = Weekly.cpp; sourceTree = "<group>"; };
		48CAFA8724BCFE1500E1689A /* Monthly.h */ = {isa = PBXFileReference; lastKnownFileType = sourcecode.c.h; path = Monthly.h; sourceTree = "<group>"; };
		48CAFA8824BCFE1F00E1689A /* Monthly.cpp */ = {isa = PBXFileReference; lastKnownFileType = sourcecode.cpp.cpp; path = Monthly.cpp; sourceTree = "<group>"; };
		48CAFA8A24BD0C1100E1689A /* Time.h */ = {isa = PBXFileReference; lastKnownFileType = sourcecode.c.h; path = Time.h; sourceTree = "<group>"; };
		48CAFA8B24BD0C1C00E1689A /* Time.cpp */ = {isa = PBXFileReference; lastKnownFileType = sourcecode.cpp.cpp; path = Time.cpp; sourceTree = "<group>"; };
		48CAFA8D24BD0C2900E1689A /* Date.h */ = {isa = PBXFileReference; lastKnownFileType = sourcecode.c.h; path = Date.h; sourceTree = "<group>"; };
		48CAFA8E24BD0C5500E1689A /* Date.cpp */ = {isa = PBXFileReference; lastKnownFileType = sourcecode.cpp.cpp; path = Date.cpp; sourceTree = "<group>"; };
/* End PBXFileReference section */

/* Begin PBXFrameworksBuildPhase section */
		48CAFA6E24BC425600E1689A /* Frameworks */ = {
			isa = PBXFrameworksBuildPhase;
			buildActionMask = 2147483647;
			files = (
			);
			runOnlyForDeploymentPostprocessing = 0;
		};
/* End PBXFrameworksBuildPhase section */

/* Begin PBXGroup section */
		48CAFA6824BC425600E1689A = {
			isa = PBXGroup;
			children = (
				48CAFA7324BC425600E1689A /* CIS40 Final Project */,
				48CAFA7224BC425600E1689A /* Products */,
			);
			sourceTree = "<group>";
		};
		48CAFA7224BC425600E1689A /* Products */ = {
			isa = PBXGroup;
			children = (
				48CAFA7124BC425600E1689A /* CIS40 Final Project */,
			);
			name = Products;
			sourceTree = "<group>";
		};
		48CAFA7324BC425600E1689A /* CIS40 Final Project */ = {
			isa = PBXGroup;
			children = (
				48CAFA7424BC425600E1689A /* main.cpp */,
				48CAFA7B24BCFDB400E1689A /* Appointment.h */,
				48CAFA7C24BCFDD000E1689A /* Appointment.cpp */,
				48CAFA7E24BCFDE000E1689A /* Onetime.h */,
				48CAFA7F24BCFDED00E1689A /* Onetime.cpp */,
				48CAFA8124BCFDF600E1689A /* Daily.h */,
				48CAFA8224BCFDFE00E1689A /* Daily.cpp */,
				48CAFA8424BCFE0600E1689A /* Weekly.h */,
				48CAFA8524BCFE0D00E1689A /* Weekly.cpp */,
				48CAFA8724BCFE1500E1689A /* Monthly.h */,
				48CAFA8824BCFE1F00E1689A /* Monthly.cpp */,
				48CAFA8A24BD0C1100E1689A /* Time.h */,
				48CAFA8B24BD0C1C00E1689A /* Time.cpp */,
				48CAFA8D24BD0C2900E1689A /* Date.h */,
				48CAFA8E24BD0C5500E1689A /* Date.cpp */,
			);
			path = "CIS40 Final Project";
			sourceTree = "<group>";
		};
/* End PBXGroup section */

/* Begin PBXNativeTarget section */
		48CAFA7024BC425600E1689A /* CIS40 Final Project */ = {
			isa = PBXNativeTarget;
			buildConfigurationList = 48CAFA7824BC425600E1689A /* Build configuration list for PBXNativeTarget "CIS40 Final Project" */;
			buildPhases = (
				48CAFA6D24BC425600E1689A /* Sources */,
				48CAFA6E24BC425600E1689A /* Frameworks */,
				48CAFA6F24BC425600E1689A /* CopyFiles */,
			);
			buildRules = (
			);
			dependencies = (
			);
			name = "CIS40 Final Project";
			productName = "CIS40 Final Project";
			productReference = 48CAFA7124BC425600E1689A /* CIS40 Final Project */;
			productType = "com.apple.product-type.tool";
		};
/* End PBXNativeTarget section */

/* Begin PBXProject section */
		48CAFA6924BC425600E1689A /* Project object */ = {
			isa = PBXProject;
			attributes = {
				LastUpgradeCheck = 1150;
				ORGANIZATIONNAME = "Aditya Sharma";
				TargetAttributes = {
					48CAFA7024BC425600E1689A = {
						CreatedOnToolsVersion = 11.5;
					};
				};
			};
			buildConfigurationList = 48CAFA6C24BC425600E1689A /* Build configuration list for PBXProject "CIS40 Final Project" */;
			compatibilityVersion = "Xcode 9.3";
			developmentRegion = en;
			hasScannedForEncodings = 0;
			knownRegions = (
				en,
				Base,
			);
			mainGroup = 48CAFA6824BC425600E1689A;
			productRefGroup = 48CAFA7224BC425600E1689A /* Products */;
			projectDirPath = "";
			projectRoot = "";
			targets = (
				48CAFA7024BC425600E1689A /* CIS40 Final Project */,
			);
		};
/* End PBXProject section */

/* Begin PBXSourcesBuildPhase section */
		48CAFA6D24BC425600E1689A /* Sources */ = {
			isa = PBXSourcesBuildPhase;
			buildActionMask = 2147483647;
			files = (
				48CAFA8024BCFDED00E1689A /* Onetime.cpp in Sources */,
				48CAFA8324BCFDFE00E1689A /* Daily.cpp in Sources */,
				48CAFA8624BCFE0D00E1689A /* Weekly.cpp in Sources */,
				48CAFA7524BC425600E1689A /* main.cpp in Sources */,
				48CAFA7D24BCFDD000E1689A /* Appointment.cpp in Sources */,
				48CAFA8C24BD0C1C00E1689A /* Time.cpp in Sources */,
				48CAFA8924BCFE1F00E1689A /* Monthly.cpp in Sources */,
				48CAFA8F24BD0C5500E1689A /* Date.cpp in Sources */,
			);
			runOnlyForDeploymentPostprocessing = 0;
		};
/* End PBXSourcesBuildPhase section */

/* Begin XCBuildConfiguration section */
		48CAFA7624BC425600E1689A /* Debug */ = {
			isa = XCBuildConfiguration;
			buildSettings = {
				ALWAYS_SEARCH_USER_PATHS = NO;
				CLANG_ANALYZER_NONNULL = YES;
				CLANG_ANALYZER_NUMBER_OBJECT_CONVERSION = YES_AGGRESSIVE;
				CLANG_CXX_LANGUAGE_STANDARD = "gnu++14";
				CLANG_CXX_LIBRARY = "libc++";
				CLANG_ENABLE_MODULES = YES;
				CLANG_ENABLE_OBJC_ARC = YES;
				CLANG_ENABLE_OBJC_WEAK = YES;
				CLANG_WARN_BLOCK_CAPTURE_AUTORELEASING = YES;
				CLANG_WARN_BOOL_CONVERSION = YES;
				CLANG_WARN_COMMA = YES;
				CLANG_WARN_CONSTANT_CONVERSION = YES;
				CLANG_WARN_DEPRECATED_OBJC_IMPLEMENTATIONS = YES;
				CLANG_WARN_DIRECT_OBJC_ISA_USAGE = YES_ERROR;
				CLANG_WARN_DOCUMENTATION_COMMENTS = YES;
				CLANG_WARN_EMPTY_BODY = YES;
				CLANG_WARN_ENUM_CONVERSION = YES;
				CLANG_WARN_INFINITE_RECURSION = YES;
				CLANG_WARN_INT_CONVERSION = YES;
				CLANG_WARN_NON_LITERAL_NULL_CONVERSION = YES;
				CLANG_WARN_OBJC_IMPLICIT_RETAIN_SELF = YES;
				CLANG_WARN_OBJC_LITERAL_CONVERSION = YES;
				CLANG_WARN_OBJC_ROOT_CLASS = YES_ERROR;
				CLANG_WARN_RANGE_LOOP_ANALYSIS = YES;
				CLANG_WARN_STRICT_PROTOTYPES = YES;
				CLANG_WARN_SUSPICIOUS_MOVE = YES;
				CLANG_WARN_UNGUARDED_AVAILABILITY = YES_AGGRESSIVE;
				CLANG_WARN_UNREACHABLE_CODE = YES;
				CLANG_WARN__DUPLICATE_METHOD_MATCH = YES;
				COPY_PHASE_STRIP = NO;
				DEBUG_INFORMATION_FORMAT = dwarf;
				ENABLE_STRICT_OBJC_MSGSEND = YES;
				ENABLE_TESTABILITY = YES;
				GCC_C_LANGUAGE_STANDARD = gnu11;
				GCC_DYNAMIC_NO_PIC = NO;
				GCC_NO_COMMON_BLOCKS = YES;
				GCC_OPTIMIZATION_LEVEL = 0;
				GCC_PREPROCESSOR_DEFINITIONS = (
					"DEBUG=1",
					"$(inherited)",
				);
				GCC_WARN_64_TO_32_BIT_CONVERSION = YES;
				GCC_WARN_ABOUT_RETURN_TYPE = YES_ERROR;
				GCC_WARN_UNDECLARED_SELECTOR = YES;
				GCC_WARN_UNINITIALIZED_AUTOS = YES_AGGRESSIVE;
				GCC_WARN_UNUSED_FUNCTION = YES;
				GCC_WARN_UNUSED_VARIABLE = YES;
				MACOSX_DEPLOYMENT_TARGET = 10.15;
				MTL_ENABLE_DEBUG_INFO = INCLUDE_SOURCE;
				MTL_FAST_MATH = YES;
				ONLY_ACTIVE_ARCH = YES;
				SDKROOT = macosx;
			};
			name = Debug;
		};
		48CAFA7724BC425600E1689A /* Release */ = {
			isa = XCBuildConfiguration;
			buildSettings = {
				ALWAYS_SEARCH_USER_PATHS = NO;
				CLANG_ANALYZER_NONNULL = YES;
				CLANG_ANALYZER_NUMBER_OBJECT_CONVERSION = YES_AGGRESSIVE;
				CLANG_CXX_LANGUAGE_STANDARD = "gnu++14";
				CLANG_CXX_LIBRARY = "libc++";
				CLANG_ENABLE_MODULES = YES;
				CLANG_ENABLE_OBJC_ARC = YES;
				CLANG_ENABLE_OBJC_WEAK = YES;
				CLANG_WARN_BLOCK_CAPTURE_AUTORELEASING = YES;
				CLANG_WARN_BOOL_CONVERSION = YES;
				CLANG_WARN_COMMA = YES;
				CLANG_WARN_CONSTANT_CONVERSION = YES;
				CLANG_WARN_DEPRECATED_OBJC_IMPLEMENTATIONS = YES;
				CLANG_WARN_DIRECT_OBJC_ISA_USAGE = YES_ERROR;
				CLANG_WARN_DOCUMENTATION_COMMENTS = YES;
				CLANG_WARN_EMPTY_BODY = YES;
				CLANG_WARN_ENUM_CONVERSION = YES;
				CLANG_WARN_INFINITE_RECURSION = YES;
				CLANG_WARN_INT_CONVERSION = YES;
				CLANG_WARN_NON_LITERAL_NULL_CONVERSION = YES;
				CLANG_WARN_OBJC_IMPLICIT_RETAIN_SELF = YES;
				CLANG_WARN_OBJC_LITERAL_CONVERSION = YES;
				CLANG_WARN_OBJC_ROOT_CLASS = YES_ERROR;
				CLANG_WARN_RANGE_LOOP_ANALYSIS = YES;
				CLANG_WARN_STRICT_PROTOTYPES = YES;
				CLANG_WARN_SUSPICIOUS_MOVE = YES;
				CLANG_WARN_UNGUARDED_AVAILABILITY = YES_AGGRESSIVE;
				CLANG_WARN_UNREACHABLE_CODE = YES;
				CLANG_WARN__DUPLICATE_METHOD_MATCH = YES;
				COPY_PHASE_STRIP = NO;
				DEBUG_INFORMATION_FORMAT = "dwarf-with-dsym";
				ENABLE_NS_ASSERTIONS = NO;
				ENABLE_STRICT_OBJC_MSGSEND = YES;
				GCC_C_LANGUAGE_STANDARD = gnu11;
				GCC_NO_COMMON_BLOCKS = YES;
				GCC_WARN_64_TO_32_BIT_CONVERSION = YES;
				GCC_WARN_ABOUT_RETURN_TYPE = YES_ERROR;
				GCC_WARN_UNDECLARED_SELECTOR = YES;
				GCC_WARN_UNINITIALIZED_AUTOS = YES_AGGRESSIVE;
				GCC_WARN_UNUSED_FUNCTION = YES;
				GCC_WARN_UNUSED_VARIABLE = YES;
				MACOSX_DEPLOYMENT_TARGET = 10.15;
				MTL_ENABLE_DEBUG_INFO = NO;
				MTL_FAST_MATH = YES;
				SDKROOT = macosx;
			};
			name = Release;
		};
		48CAFA7924BC425600E1689A /* Debug */ = {
			isa = XCBuildConfiguration;
			buildSettings = {
				CODE_SIGN_STYLE = Automatic;
				DEVELOPMENT_TEAM = W9K3586753;
				ENABLE_HARDENED_RUNTIME = YES;
				PRODUCT_NAME = "$(TARGET_NAME)";
			};
			name = Debug;
		};
		48CAFA7A24BC425600E1689A /* Release */ = {
			isa = XCBuildConfiguration;
			buildSettings = {
				CODE_SIGN_STYLE = Automatic;
				DEVELOPMENT_TEAM = W9K3586753;
				ENABLE_HARDENED_RUNTIME = YES;
				PRODUCT_NAME = "$(TARGET_NAME)";
			};
			name = Release;
		};
/* End XCBuildConfiguration section */

/* Begin XCConfigurationList section */
		48CAFA6C24BC425600E1689A /* Build configuration list for PBXProject "CIS40 Final Project" */ = {
			isa = XCConfigurationList;
			buildConfigurations = (
				48CAFA7624BC425600E1689A /* Debug */,
				48CAFA7724BC425600E1689A /* Release */,
			);
			defaultConfigurationIsVisible = 0;
			defaultConfigurationName = Release;
		};
		48CAFA7824BC425600E1689A /* Build configuration list for PBXNativeTarget "CIS40 Final Project" */ = {
			isa = XCConfigurationList;
			buildConfigurations = (
				48CAFA7924BC425600E1689A /* Debug */,
				48CAFA7A24BC425600E1689A /* Release */,
			);
			defaultConfigurationIsVisible = 0;
			defaultConfigurationName = Release;
		};
/* End XCConfigurationList section */
	};
	rootObject = 48CAFA6924BC425600E1689A /* Project object */;
}
